Microsoft Visual Studio Solution File, Format Version 11.00
# Visual Studio 2008

Project("{2678ADAC-12D5-855F-1BC5-7BEBD912E036}") = "School simulation", "Assembly-CSharp-firstpass-vs.csproj", "{06AA2124-01BD-DA2C-0E5F-4E2A425F9C1A}"
EndProject
Project("{2678ADAC-12D5-855F-1BC5-7BEBD912E036}") = "School simulation", "Assembly-CSharp-vs.csproj", "{D7CF9E13-55A0-F2E5-61C1-E55C939F3A42}"
EndProject
Project("{2678ADAC-12D5-855F-1BC5-7BEBD912E036}") = "School simulation", "Assembly-CSharp-Editor-vs.csproj", "{13D5FC9F-375D-56E3-4731-1CC7D3625F03}"
EndProject
Global
	GlobalSection(SolutionConfigurationPlatforms) = preSolution
		Debug|Any CPU = Debug|Any CPU
		Release|Any CPU = Release|Any CPU
	EndGlobalSection
	GlobalSection(ProjectConfigurationPlatforms) = postSolution
		{06AA2124-01BD-DA2C-0E5F-4E2A425F9C1A}.Debug|Any CPU.ActiveCfg = Debug|Any CPU
		{06AA2124-01BD-DA2C-0E5F-4E2A425F9C1A}.Debug|Any CPU.Build.0 = Debug|Any CPU
		{06AA2124-01BD-DA2C-0E5F-4E2A425F9C1A}.Release|Any CPU.ActiveCfg = Release|Any CPU
		{06AA2124-01BD-DA2C-0E5F-4E2A425F9C1A}.Release|Any CPU.Build.0 = Release|Any CPU
		{D7CF9E13-55A0-F2E5-61C1-E55C939F3A42}.Debug|Any CPU.ActiveCfg = Debug|Any CPU
		{D7CF9E13-55A0-F2E5-61C1-E55C939F3A42}.Debug|Any CPU.Build.0 = Debug|Any CPU
		{D7CF9E13-55A0-F2E5-61C1-E55C939F3A42}.Release|Any CPU.ActiveCfg = Release|Any CPU
		{D7CF9E13-55A0-F2E5-61C1-E55C939F3A42}.Release|Any CPU.Build.0 = Release|Any CPU
		{13D5FC9F-375D-56E3-4731-1CC7D3625F03}.Debug|Any CPU.ActiveCfg = Debug|Any CPU
		{13D5FC9F-375D-56E3-4731-1CC7D3625F03}.Debug|Any CPU.Build.0 = Debug|Any CPU
		{13D5FC9F-375D-56E3-4731-1CC7D3625F03}.Release|Any CPU.ActiveCfg = Release|Any CPU
		{13D5FC9F-375D-56E3-4731-1CC7D3625F03}.Release|Any CPU.Build.0 = Release|Any CPU
	EndGlobalSection
	GlobalSection(SolutionProperties) = preSolution
		HideSolutionNode = FALSE
	EndGlobalSection
																				GlobalSection(MonoDevelopProperties) = preSolution
		StartupItem = Assembly-CSharp.csproj
		Policies = $0
		$0.TextStylePolicy = $1
		$1.inheritsSet = null
		$1.scope = text/x-csharp
		$0.CSharpFormattingPolicy = $2
		$2.inheritsSet = Mono
		$2.inheritsScope = text/x-csharp
		$2.scope = text/x-csharp
		$0.TextStylePolicy = $3
		$3.FileWidth = 120
		$3.TabWidth = 4
		$3.EolMarker = Unix
		$3.inheritsSet = Mono
		$3.inheritsScope = text/plain
		$3.scope = text/plain
	EndGlobalSection

EndGlobal
